
Microsoft Visual Studio Solution File, Format Version 12.00
# Visual Studio Version 17
VisualStudioVersion = 17.11.35327.3
MinimumVisualStudioVersion = 10.0.40219.1
Project("{FAE04EC0-301F-11D3-BF4B-00C04F79EFBC}") = "MyFinancialCrm", "MyFinancialCrm\MyFinancialCrm.csproj", "{597AA9EE-5727-4396-8A06-A52A32927245}"
EndProject
Global
	GlobalSection(SolutionConfigurationPlatforms) = preSolution
		Debug|Any CPU = Debug|Any CPU
		Release|Any CPU = Release|Any CPU
	EndGlobalSection
	GlobalSection(ProjectConfigurationPlatforms) = postSolution
		{597AA9EE-5727-4396-8A06-A52A32927245}.Debug|Any CPU.ActiveCfg = Debug|Any CPU
		{597AA9EE-5727-4396-8A06-A52A32927245}.Debug|Any CPU.Build.0 = Debug|Any CPU
		{597AA9EE-5727-4396-8A06-A52A32927245}.Release|Any CPU.ActiveCfg = Release|Any CPU
		{597AA9EE-5727-4396-8A06-A52A32927245}.Release|Any CPU.Build.0 = Release|Any CPU
	EndGlobalSection
	GlobalSection(SolutionProperties) = preSolution
		HideSolutionNode = FALSE
	EndGlobalSection
	GlobalSection(ExtensibilityGlobals) = postSolution
		SolutionGuid = {E5B633F4-ED71-4C23-ABEC-711FC8611C6C}
	EndGlobalSection
EndGlobal
